{
  "version": 4,
  "terraform_version": "1.11.4",
  "serial": 25,
  "lineage": "79cbe2df-adcc-3621-a50b-fa2b533bafb0",
  "outputs": {
    "alertmanager_url": {
      "value": "http://13.212.159.92:9093",
      "type": "string"
    },
    "grafana_url": {
      "value": "http://13.212.159.92:3000",
      "type": "string"
    },
    "monitoring_server_id": {
      "value": "i-0b1d3b0475a8dd7af",
      "type": "string"
    },
    "monitoring_server_private_ip": {
      "value": "10.20.12.25",
      "type": "string"
    },
    "monitoring_server_public_ip": {
      "value": "13.212.159.92",
      "type": "string"
    },
    "prometheus_url": {
      "value": "http://13.212.159.92:9090",
      "type": "string"
    }
  },
  "resources": [
    {
      "mode": "data",
      "type": "aws_secretsmanager_secret",
      "name": "aws_credentials",
      "provider": "provider[\"registry.terraform.io/hashicorp/aws\"]",
      "instances": [
        {
          "index_key": 0,
          "schema_version": 0,
          "attributes": {
            "arn": "arn:aws:secretsmanager:ap-southeast-1:533267407355:secret:aws/access_key/my_key-U0opHa",
            "created_date": "2025-05-08T08:29:21Z",
            "description": "",
            "id": "arn:aws:secretsmanager:ap-southeast-1:533267407355:secret:aws/access_key/my_key-U0opHa",
            "kms_key_id": "",
            "last_changed_date": "2025-05-08T08:29:21Z",
            "name": "aws/access_key/my_key",
            "policy": "",
            "tags": {}
          },
          "sensitive_attributes": []
        }
      ]
    },
    {
      "mode": "data",
      "type": "aws_secretsmanager_secret",
      "name": "github_token",
      "provider": "provider[\"registry.terraform.io/hashicorp/aws\"]",
      "instances": [
        {
          "index_key": 0,
          "schema_version": 0,
          "attributes": {
            "arn": "arn:aws:secretsmanager:ap-southeast-1:533267407355:secret:github/access_token-ahfHpr",
            "created_date": "2025-05-08T09:32:33Z",
            "description": "",
            "id": "arn:aws:secretsmanager:ap-southeast-1:533267407355:secret:github/access_token-ahfHpr",
            "kms_key_id": "",
            "last_changed_date": "2025-05-08T09:37:14Z",
            "name": "github/access_token",
            "policy": "",
            "tags": {}
          },
          "sensitive_attributes": []
        }
      ]
    },
    {
      "mode": "data",
      "type": "aws_secretsmanager_secret_version",
      "name": "aws_current",
      "provider": "provider[\"registry.terraform.io/hashicorp/aws\"]",
      "instances": [
        {
          "index_key": 0,
          "schema_version": 0,
          "attributes": {
            "arn": "arn:aws:secretsmanager:ap-southeast-1:533267407355:secret:aws/access_key/my_key-U0opHa",
            "created_date": "2025-05-08T08:29:21Z",
            "id": "arn:aws:secretsmanager:ap-southeast-1:533267407355:secret:aws/access_key/my_key-U0opHa|AWSCURRENT",
            "secret_binary": "",
            "secret_id": "arn:aws:secretsmanager:ap-southeast-1:533267407355:secret:aws/access_key/my_key-U0opHa",
            "secret_string": "{\"aws_access_key\":\"AKIAXYKJW4H5QFAX5UEP\",\"aws_secret_key\":\"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\"}",
            "version_id": "014d4820-4441-472a-9ac0-e6ca0d61dd5b",
            "version_stage": "AWSCURRENT",
            "version_stages": [
              "AWSCURRENT"
            ]
          },
          "sensitive_attributes": [
            [
              {
                "type": "get_attr",
                "value": "secret_string"
              }
            ],
            [
              {
                "type": "get_attr",
                "value": "secret_binary"
              }
            ]
          ]
        }
      ]
    },
    {
      "mode": "data",
      "type": "aws_secretsmanager_secret_version",
      "name": "github_current",
      "provider": "provider[\"registry.terraform.io/hashicorp/aws\"]",
      "instances": [
        {
          "index_key": 0,
          "schema_version": 0,
          "attributes": {
            "arn": "arn:aws:secretsmanager:ap-southeast-1:533267407355:secret:github/access_token-ahfHpr",
            "created_date": "2025-05-08T09:37:14Z",
            "id": "arn:aws:secretsmanager:ap-southeast-1:533267407355:secret:github/access_token-ahfHpr|AWSCURRENT",
            "secret_binary": "",
            "secret_id": "arn:aws:secretsmanager:ap-southeast-1:533267407355:secret:github/access_token-ahfHpr",
            "secret_string": "{\"token\":\"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\"}",
            "version_id": "58b3cfb6-3ade-47ad-ade2-b3f886086c4e",
            "version_stage": "AWSCURRENT",
            "version_stages": [
              "AWSCURRENT"
            ]
          },
          "sensitive_attributes": [
            [
              {
                "type": "get_attr",
                "value": "secret_string"
              }
            ],
            [
              {
                "type": "get_attr",
                "value": "secret_binary"
              }
            ]
          ]
        }
      ]
    },
    {
      "mode": "managed",
      "type": "aws_instance",
      "name": "monitoring_server",
      "provider": "provider[\"registry.terraform.io/hashicorp/aws\"]",
      "instances": [
        {
          "schema_version": 1,
          "attributes": {
            "ami": "ami-078c1149d8ad719a7",
            "arn": "arn:aws:ec2:ap-southeast-1:533267407355:instance/i-0b1d3b0475a8dd7af",
            "associate_public_ip_address": true,
            "availability_zone": "ap-southeast-1c",
            "capacity_reservation_specification": [
              {
                "capacity_reservation_preference": "open",
                "capacity_reservation_target": []
              }
            ],
            "cpu_core_count": 1,
            "cpu_options": [
              {
                "amd_sev_snp": "",
                "core_count": 1,
                "threads_per_core": 2
              }
            ],
            "cpu_threads_per_core": 2,
            "credit_specification": [
              {
                "cpu_credits": "unlimited"
              }
            ],
            "disable_api_stop": false,
            "disable_api_termination": false,
            "ebs_block_device": [],
            "ebs_optimized": false,
            "enable_primary_ipv6": null,
            "enclave_options": [
              {
                "enabled": false
              }
            ],
            "ephemeral_block_device": [],
            "get_password_data": false,
            "hibernation": false,
            "host_id": "",
            "host_resource_group_arn": null,
            "iam_instance_profile": "",
            "id": "i-0b1d3b0475a8dd7af",
            "instance_initiated_shutdown_behavior": "stop",
            "instance_lifecycle": "",
            "instance_market_options": [],
            "instance_state": "running",
            "instance_type": "t3.medium",
            "ipv6_address_count": 0,
            "ipv6_addresses": [],
            "key_name": "ajx-monitoring-key",
            "launch_template": [],
            "maintenance_options": [
              {
                "auto_recovery": "default"
              }
            ],
            "metadata_options": [
              {
                "http_endpoint": "enabled",
                "http_protocol_ipv6": "disabled",
                "http_put_response_hop_limit": 1,
                "http_tokens": "optional",
                "instance_metadata_tags": "disabled"
              }
            ],
            "monitoring": false,
            "network_interface": [],
            "outpost_arn": "",
            "password_data": "",
            "placement_group": "",
            "placement_partition_number": 0,
            "primary_network_interface_id": "eni-040887cc5588bf518",
            "private_dns": "ip-10-20-12-25.ap-southeast-1.compute.internal",
            "private_dns_name_options": [
              {
                "enable_resource_name_dns_a_record": false,
                "enable_resource_name_dns_aaaa_record": false,
                "hostname_type": "ip-name"
              }
            ],
            "private_ip": "10.20.12.25",
            "public_dns": "",
            "public_ip": "13.212.159.92",
            "root_block_device": [
              {
                "delete_on_termination": true,
                "device_name": "/dev/sda1",
                "encrypted": false,
                "iops": 3000,
                "kms_key_id": "",
                "tags": {},
                "tags_all": {},
                "throughput": 125,
                "volume_id": "vol-0452d271712c6d0df",
                "volume_size": 30,
                "volume_type": "gp3"
              }
            ],
            "secondary_private_ips": [],
            "security_groups": [],
            "source_dest_check": true,
            "spot_instance_request_id": "",
            "subnet_id": "subnet-00d5dbce88bd080ac",
            "tags": {
              "CreatedBy": "AJX-ENV-DEVTOOL",
              "Name": "ajx-monitoring-server"
            },
            "tags_all": {
              "CreatedBy": "AJX-ENV-DEVTOOL",
              "Name": "ajx-monitoring-server"
            },
            "tenancy": "default",
            "timeouts": null,
            "user_data": "ed4dc1e733ce2e37ec081a9ae364392844ded737",
            "user_data_base64": null,
            "user_data_replace_on_change": false,
            "volume_tags": null,
            "vpc_security_group_ids": [
              "sg-097684b73c6a6dbfc"
            ]
          },
          "sensitive_attributes": [
            [
              {
                "type": "get_attr",
                "value": "user_data"
              }
            ]
          ],
          "private": "eyJlMmJmYjczMC1lY2FhLTExZTYtOGY4OC0zNDM2M2JjN2M0YzAiOnsiY3JlYXRlIjo2MDAwMDAwMDAwMDAsImRlbGV0ZSI6MTIwMDAwMDAwMDAwMCwicmVhZCI6OTAwMDAwMDAwMDAwLCJ1cGRhdGUiOjYwMDAwMDAwMDAwMH0sInNjaGVtYV92ZXJzaW9uIjoiMSJ9",
          "dependencies": [
            "aws_security_group.monitoring_sg",
            "data.aws_secretsmanager_secret.aws_credentials",
            "data.aws_secretsmanager_secret.github_token",
            "data.aws_secretsmanager_secret_version.aws_current",
            "data.aws_secretsmanager_secret_version.github_current"
          ]
        }
      ]
    },
    {
      "mode": "managed",
      "type": "aws_internet_gateway",
      "name": "monitoring_igw",
      "provider": "provider[\"registry.terraform.io/hashicorp/aws\"]",
      "instances": [
        {
          "schema_version": 0,
          "attributes": {
            "arn": "arn:aws:ec2:ap-southeast-1:533267407355:internet-gateway/igw-09412c3fe2b732945",
            "id": "igw-09412c3fe2b732945",
            "owner_id": "533267407355",
            "tags": {
              "Name": "ajx-monitoring-igw"
            },
            "tags_all": {
              "Name": "ajx-monitoring-igw"
            },
            "timeouts": null,
            "vpc_id": "vpc-0c18c395b2b7ceedb"
          },
          "sensitive_attributes": [],
          "private": "eyJlMmJmYjczMC1lY2FhLTExZTYtOGY4OC0zNDM2M2JjN2M0YzAiOnsiY3JlYXRlIjoxMjAwMDAwMDAwMDAwLCJkZWxldGUiOjEyMDAwMDAwMDAwMDAsInVwZGF0ZSI6MTIwMDAwMDAwMDAwMH19"
        }
      ]
    },
    {
      "mode": "managed",
      "type": "aws_route_table",
      "name": "monitoring_rt",
      "provider": "provider[\"registry.terraform.io/hashicorp/aws\"]",
      "instances": [
        {
          "schema_version": 0,
          "attributes": {
            "arn": "arn:aws:ec2:ap-southeast-1:533267407355:route-table/rtb-01b2d11db6ec6ff95",
            "id": "rtb-01b2d11db6ec6ff95",
            "owner_id": "533267407355",
            "propagating_vgws": [],
            "route": [
              {
                "carrier_gateway_id": "",
                "cidr_block": "0.0.0.0/0",
                "core_network_arn": "",
                "destination_prefix_list_id": "",
                "egress_only_gateway_id": "",
                "gateway_id": "igw-09412c3fe2b732945",
                "ipv6_cidr_block": "",
                "local_gateway_id": "",
                "nat_gateway_id": "",
                "network_interface_id": "",
                "transit_gateway_id": "",
                "vpc_endpoint_id": "",
                "vpc_peering_connection_id": ""
              }
            ],
            "tags": {
              "Name": "ajx-monitoring-rt"
            },
            "tags_all": {
              "Name": "ajx-monitoring-rt"
            },
            "timeouts": null,
            "vpc_id": "vpc-0c18c395b2b7ceedb"
          },
          "sensitive_attributes": [],
          "private": "eyJlMmJmYjczMC1lY2FhLTExZTYtOGY4OC0zNDM2M2JjN2M0YzAiOnsiY3JlYXRlIjozMDAwMDAwMDAwMDAsImRlbGV0ZSI6MzAwMDAwMDAwMDAwLCJ1cGRhdGUiOjEyMDAwMDAwMDAwMH19",
          "dependencies": [
            "aws_internet_gateway.monitoring_igw"
          ]
        }
      ]
    },
    {
      "mode": "managed",
      "type": "aws_route_table_association",
      "name": "monitoring_rta",
      "provider": "provider[\"registry.terraform.io/hashicorp/aws\"]",
      "instances": [
        {
          "schema_version": 0,
          "attributes": {
            "gateway_id": "",
            "id": "rtbassoc-0115d86a3a0b01370",
            "route_table_id": "rtb-01b2d11db6ec6ff95",
            "subnet_id": "subnet-00d5dbce88bd080ac",
            "timeouts": null
          },
          "sensitive_attributes": [],
          "private": "eyJlMmJmYjczMC1lY2FhLTExZTYtOGY4OC0zNDM2M2JjN2M0YzAiOnsiY3JlYXRlIjozMDAwMDAwMDAwMDAsImRlbGV0ZSI6MzAwMDAwMDAwMDAwLCJ1cGRhdGUiOjEyMDAwMDAwMDAwMH19",
          "dependencies": [
            "aws_internet_gateway.monitoring_igw",
            "aws_route_table.monitoring_rt"
          ]
        }
      ]
    },
    {
      "mode": "managed",
      "type": "aws_security_group",
      "name": "monitoring_sg",
      "provider": "provider[\"registry.terraform.io/hashicorp/aws\"]",
      "instances": [
        {
          "schema_version": 1,
          "attributes": {
            "arn": "arn:aws:ec2:ap-southeast-1:533267407355:security-group/sg-097684b73c6a6dbfc",
            "description": "Security group for AJX monitoring stack",
            "egress": [
              {
                "cidr_blocks": [
                  "0.0.0.0/0"
                ],
                "description": "",
                "from_port": 0,
                "ipv6_cidr_blocks": [],
                "prefix_list_ids": [],
                "protocol": "-1",
                "security_groups": [],
                "self": false,
                "to_port": 0
              }
            ],
            "id": "sg-097684b73c6a6dbfc",
            "ingress": [
              {
                "cidr_blocks": [
                  "139.162.51.246/32",
                  "0.0.0.0/0"
                ],
                "description": "AlertManager",
                "from_port": 9093,
                "ipv6_cidr_blocks": [],
                "prefix_list_ids": [],
                "protocol": "tcp",
                "security_groups": [],
                "self": false,
                "to_port": 9093
              },
              {
                "cidr_blocks": [
                  "139.162.51.246/32",
                  "0.0.0.0/0"
                ],
                "description": "Grafana",
                "from_port": 3000,
                "ipv6_cidr_blocks": [],
                "prefix_list_ids": [],
                "protocol": "tcp",
                "security_groups": [],
                "self": false,
                "to_port": 3000
              },
              {
                "cidr_blocks": [
                  "139.162.51.246/32",
                  "0.0.0.0/0"
                ],
                "description": "Prometheus",
                "from_port": 9090,
                "ipv6_cidr_blocks": [],
                "prefix_list_ids": [],
                "protocol": "tcp",
                "security_groups": [],
                "self": false,
                "to_port": 9090
              },
              {
                "cidr_blocks": [
                  "139.162.51.246/32"
                ],
                "description": "SSH",
                "from_port": 22,
                "ipv6_cidr_blocks": [],
                "prefix_list_ids": [],
                "protocol": "tcp",
                "security_groups": [],
                "self": false,
                "to_port": 22
              }
            ],
            "name": "ajx-monitoring-sg",
            "name_prefix": "",
            "owner_id": "533267407355",
            "revoke_rules_on_delete": false,
            "tags": {
              "CreatedBy": "AJX-ENV-DEVTOOL",
              "Name": "ajx-monitoring-sg"
            },
            "tags_all": {
              "CreatedBy": "AJX-ENV-DEVTOOL",
              "Name": "ajx-monitoring-sg"
            },
            "timeouts": null,
            "vpc_id": "vpc-0c18c395b2b7ceedb"
          },
          "sensitive_attributes": [],
          "private": "eyJlMmJmYjczMC1lY2FhLTExZTYtOGY4OC0zNDM2M2JjN2M0YzAiOnsiY3JlYXRlIjo2MDAwMDAwMDAwMDAsImRlbGV0ZSI6OTAwMDAwMDAwMDAwfSwic2NoZW1hX3ZlcnNpb24iOiIxIn0="
        }
      ]
    }
  ],
  "check_results": null
}
